
Microsoft Visual Studio Solution File, Format Version 12.00
# Visual Studio Version 16
VisualStudioVersion = 16.0.30225.117
MinimumVisualStudioVersion = 10.0.40219.1
Project("{9A19103F-16F7-4668-BE54-9A1E7A4F7556}") = "SFA.DAS.DataLoader", "SFA.DAS.DataLoader\SFA.DAS.DataLoader.csproj", "{68E8539F-2656-4426-82C6-5852723961D5}"
EndProject
Project("{9A19103F-16F7-4668-BE54-9A1E7A4F7556}") = "SFA.DAS.Functions.Importer", "SFA.DAS.Functions.Importer\SFA.DAS.Functions.Importer.csproj", "{79722FD9-B46A-45E5-990F-0127C16E85A9}"
EndProject
Project("{9A19103F-16F7-4668-BE54-9A1E7A4F7556}") = "SFA.DAS.Functions.Importer.UnitTests", "SFA.DAS.Functions.Importer.UnitTests\SFA.DAS.Functions.Importer.UnitTests.csproj", "{39E0599F-24D6-4FA2-9F84-1772A5F9C76F}"
EndProject
Global
	GlobalSection(SolutionConfigurationPlatforms) = preSolution
		Debug|Any CPU = Debug|Any CPU
		Release|Any CPU = Release|Any CPU
	EndGlobalSection
	GlobalSection(ProjectConfigurationPlatforms) = postSolution
		{68E8539F-2656-4426-82C6-5852723961D5}.Debug|Any CPU.ActiveCfg = Debug|Any CPU
		{68E8539F-2656-4426-82C6-5852723961D5}.Debug|Any CPU.Build.0 = Debug|Any CPU
		{68E8539F-2656-4426-82C6-5852723961D5}.Release|Any CPU.ActiveCfg = Release|Any CPU
		{68E8539F-2656-4426-82C6-5852723961D5}.Release|Any CPU.Build.0 = Release|Any CPU
		{79722FD9-B46A-45E5-990F-0127C16E85A9}.Debug|Any CPU.ActiveCfg = Debug|Any CPU
		{79722FD9-B46A-45E5-990F-0127C16E85A9}.Debug|Any CPU.Build.0 = Debug|Any CPU
		{79722FD9-B46A-45E5-990F-0127C16E85A9}.Release|Any CPU.ActiveCfg = Release|Any CPU
		{79722FD9-B46A-45E5-990F-0127C16E85A9}.Release|Any CPU.Build.0 = Release|Any CPU
		{39E0599F-24D6-4FA2-9F84-1772A5F9C76F}.Debug|Any CPU.ActiveCfg = Debug|Any CPU
		{39E0599F-24D6-4FA2-9F84-1772A5F9C76F}.Debug|Any CPU.Build.0 = Debug|Any CPU
		{39E0599F-24D6-4FA2-9F84-1772A5F9C76F}.Release|Any CPU.ActiveCfg = Release|Any CPU
		{39E0599F-24D6-4FA2-9F84-1772A5F9C76F}.Release|Any CPU.Build.0 = Release|Any CPU
	EndGlobalSection
	GlobalSection(SolutionProperties) = preSolution
		HideSolutionNode = FALSE
	EndGlobalSection
	GlobalSection(ExtensibilityGlobals) = postSolution
		SolutionGuid = {6E65AACB-D839-4E61-BA52-F9D8C6881807}
	EndGlobalSection
EndGlobal
